
Microsoft Visual Studio Solution File, Format Version 12.00
# Visual Studio Version 17
VisualStudioVersion = 17.9.34728.123
MinimumVisualStudioVersion = 10.0.40219.1
Project("{FAE04EC0-301F-11D3-BF4B-00C04F79EFBC}") = "Burbuja", "Burbuja.csproj", "{161C979A-989C-4AE3-BA18-3D39FDFB123B}"
EndProject
Global
	GlobalSection(SolutionConfigurationPlatforms) = preSolution
		Debug|Any CPU = Debug|Any CPU
		Release|Any CPU = Release|Any CPU
	EndGlobalSection
	GlobalSection(ProjectConfigurationPlatforms) = postSolution
		{161C979A-989C-4AE3-BA18-3D39FDFB123B}.Debug|Any CPU.ActiveCfg = Debug|Any CPU
		{161C979A-989C-4AE3-BA18-3D39FDFB123B}.Debug|Any CPU.Build.0 = Debug|Any CPU
		{161C979A-989C-4AE3-BA18-3D39FDFB123B}.Release|Any CPU.ActiveCfg = Release|Any CPU
		{161C979A-989C-4AE3-BA18-3D39FDFB123B}.Release|Any CPU.Build.0 = Release|Any CPU
	EndGlobalSection
	GlobalSection(SolutionProperties) = preSolution
		HideSolutionNode = FALSE
	EndGlobalSection
	GlobalSection(ExtensibilityGlobals) = postSolution
		SolutionGuid = {7CE0C12F-6E91-41FA-8C12-9DD2FB76ACF6}
	EndGlobalSection
EndGlobal
